
Microsoft Visual Studio Solution File, Format Version 12.00
# Visual Studio Version 17
VisualStudioVersion = 17.10.35013.160
MinimumVisualStudioVersion = 10.0.40219.1
Project("{FAE04EC0-301F-11D3-BF4B-00C04F79EFBC}") = "Hospital", "Hospital\Hospital.csproj", "{A86E545F-6601-46A9-ABB7-037FBAA03357}"
EndProject
Global
	GlobalSection(SolutionConfigurationPlatforms) = preSolution
		Debug|Any CPU = Debug|Any CPU
		Release|Any CPU = Release|Any CPU
	EndGlobalSection
	GlobalSection(ProjectConfigurationPlatforms) = postSolution
		{A86E545F-6601-46A9-ABB7-037FBAA03357}.Debug|Any CPU.ActiveCfg = Debug|Any CPU
		{A86E545F-6601-46A9-ABB7-037FBAA03357}.Debug|Any CPU.Build.0 = Debug|Any CPU
		{A86E545F-6601-46A9-ABB7-037FBAA03357}.Release|Any CPU.ActiveCfg = Release|Any CPU
		{A86E545F-6601-46A9-ABB7-037FBAA03357}.Release|Any CPU.Build.0 = Release|Any CPU
	EndGlobalSection
	GlobalSection(SolutionProperties) = preSolution
		HideSolutionNode = FALSE
	EndGlobalSection
	GlobalSection(ExtensibilityGlobals) = postSolution
		SolutionGuid = {81AF38C6-2481-4A45-B015-3A0816E770AA}
	EndGlobalSection
EndGlobal
